
Microsoft Visual Studio Solution File, Format Version 12.00
# Visual Studio 14
VisualStudioVersion = 14.0.25420.1
MinimumVisualStudioVersion = 10.0.40219.1
Project("{FAE04EC0-301F-11D3-BF4B-00C04F79EFBC}") = "CarApp", "CarApp\CarApp.csproj", "{F80FD4BB-ABE6-4310-A384-BE5E0554EF34}"
EndProject
Project("{FAE04EC0-301F-11D3-BF4B-00C04F79EFBC}") = "CounterApp", "CounterApp\CounterApp.csproj", "{27851090-5C85-4E72-AF6F-7DB51C491E8D}"
EndProject
Global
	GlobalSection(SolutionConfigurationPlatforms) = preSolution
		Debug|ARM = Debug|ARM
		Debug|x64 = Debug|x64
		Debug|x86 = Debug|x86
		Release|ARM = Release|ARM
		Release|x64 = Release|x64
		Release|x86 = Release|x86
	EndGlobalSection
	GlobalSection(ProjectConfigurationPlatforms) = postSolution
		{F80FD4BB-ABE6-4310-A384-BE5E0554EF34}.Debug|ARM.ActiveCfg = Debug|ARM
		{F80FD4BB-ABE6-4310-A384-BE5E0554EF34}.Debug|ARM.Build.0 = Debug|ARM
		{F80FD4BB-ABE6-4310-A384-BE5E0554EF34}.Debug|ARM.Deploy.0 = Debug|ARM
		{F80FD4BB-ABE6-4310-A384-BE5E0554EF34}.Debug|x64.ActiveCfg = Debug|x64
		{F80FD4BB-ABE6-4310-A384-BE5E0554EF34}.Debug|x64.Build.0 = Debug|x64
		{F80FD4BB-ABE6-4310-A384-BE5E0554EF34}.Debug|x64.Deploy.0 = Debug|x64
		{F80FD4BB-ABE6-4310-A384-BE5E0554EF34}.Debug|x86.ActiveCfg = Debug|x86
		{F80FD4BB-ABE6-4310-A384-BE5E0554EF34}.Debug|x86.Build.0 = Debug|x86
		{F80FD4BB-ABE6-4310-A384-BE5E0554EF34}.Debug|x86.Deploy.0 = Debug|x86
		{F80FD4BB-ABE6-4310-A384-BE5E0554EF34}.Release|ARM.ActiveCfg = Release|ARM
		{F80FD4BB-ABE6-4310-A384-BE5E0554EF34}.Release|ARM.Build.0 = Release|ARM
		{F80FD4BB-ABE6-4310-A384-BE5E0554EF34}.Release|ARM.Deploy.0 = Release|ARM
		{F80FD4BB-ABE6-4310-A384-BE5E0554EF34}.Release|x64.ActiveCfg = Release|x64
		{F80FD4BB-ABE6-4310-A384-BE5E0554EF34}.Release|x64.Build.0 = Release|x64
		{F80FD4BB-ABE6-4310-A384-BE5E0554EF34}.Release|x64.Deploy.0 = Release|x64
		{F80FD4BB-ABE6-4310-A384-BE5E0554EF34}.Release|x86.ActiveCfg = Release|x86
		{F80FD4BB-ABE6-4310-A384-BE5E0554EF34}.Release|x86.Build.0 = Release|x86
		{F80FD4BB-ABE6-4310-A384-BE5E0554EF34}.Release|x86.Deploy.0 = Release|x86
		{27851090-5C85-4E72-AF6F-7DB51C491E8D}.Debug|ARM.ActiveCfg = Debug|ARM
		{27851090-5C85-4E72-AF6F-7DB51C491E8D}.Debug|ARM.Build.0 = Debug|ARM
		{27851090-5C85-4E72-AF6F-7DB51C491E8D}.Debug|ARM.Deploy.0 = Debug|ARM
		{27851090-5C85-4E72-AF6F-7DB51C491E8D}.Debug|x64.ActiveCfg = Debug|x64
		{27851090-5C85-4E72-AF6F-7DB51C491E8D}.Debug|x64.Build.0 = Debug|x64
		{27851090-5C85-4E72-AF6F-7DB51C491E8D}.Debug|x64.Deploy.0 = Debug|x64
		{27851090-5C85-4E72-AF6F-7DB51C491E8D}.Debug|x86.ActiveCfg = Debug|x86
		{27851090-5C85-4E72-AF6F-7DB51C491E8D}.Debug|x86.Build.0 = Debug|x86
		{27851090-5C85-4E72-AF6F-7DB51C491E8D}.Debug|x86.Deploy.0 = Debug|x86
		{27851090-5C85-4E72-AF6F-7DB51C491E8D}.Release|ARM.ActiveCfg = Release|ARM
		{27851090-5C85-4E72-AF6F-7DB51C491E8D}.Release|ARM.Build.0 = Release|ARM
		{27851090-5C85-4E72-AF6F-7DB51C491E8D}.Release|ARM.Deploy.0 = Release|ARM
		{27851090-5C85-4E72-AF6F-7DB51C491E8D}.Release|x64.ActiveCfg = Release|x64
		{27851090-5C85-4E72-AF6F-7DB51C491E8D}.Release|x64.Build.0 = Release|x64
		{27851090-5C85-4E72-AF6F-7DB51C491E8D}.Release|x64.Deploy.0 = Release|x64
		{27851090-5C85-4E72-AF6F-7DB51C491E8D}.Release|x86.ActiveCfg = Release|x86
		{27851090-5C85-4E72-AF6F-7DB51C491E8D}.Release|x86.Build.0 = Release|x86
		{27851090-5C85-4E72-AF6F-7DB51C491E8D}.Release|x86.Deploy.0 = Release|x86
	EndGlobalSection
	GlobalSection(SolutionProperties) = preSolution
		HideSolutionNode = FALSE
	EndGlobalSection
EndGlobal
